
Microsoft Visual Studio Solution File, Format Version 12.00
# Visual Studio Version 17
VisualStudioVersion = 17.11.35312.102
MinimumVisualStudioVersion = 10.0.40219.1
Project("{9A19103F-16F7-4668-BE54-9A1E7A4F7556}") = "Maui.Rtsp", "Maui.Rtsp\Maui.Rtsp.csproj", "{24374AA3-8FAF-49EE-A5A6-D3D9D8E0F11E}"
EndProject
Project("{9A19103F-16F7-4668-BE54-9A1E7A4F7556}") = "Maui.Rtsp.AndroidLib", "..\Maui.Rtsp.AndroidLib\Maui.Rtsp.AndroidLib.csproj", "{7C4A6404-7AE3-42F2-8F15-2BE2D8BC939D}"
EndProject
Global
	GlobalSection(SolutionConfigurationPlatforms) = preSolution
		Debug|Any CPU = Debug|Any CPU
		Release|Any CPU = Release|Any CPU
	EndGlobalSection
	GlobalSection(ProjectConfigurationPlatforms) = postSolution
		{24374AA3-8FAF-49EE-A5A6-D3D9D8E0F11E}.Debug|Any CPU.ActiveCfg = Debug|Any CPU
		{24374AA3-8FAF-49EE-A5A6-D3D9D8E0F11E}.Debug|Any CPU.Build.0 = Debug|Any CPU
		{24374AA3-8FAF-49EE-A5A6-D3D9D8E0F11E}.Debug|Any CPU.Deploy.0 = Debug|Any CPU
		{24374AA3-8FAF-49EE-A5A6-D3D9D8E0F11E}.Release|Any CPU.ActiveCfg = Release|Any CPU
		{24374AA3-8FAF-49EE-A5A6-D3D9D8E0F11E}.Release|Any CPU.Build.0 = Release|Any CPU
		{24374AA3-8FAF-49EE-A5A6-D3D9D8E0F11E}.Release|Any CPU.Deploy.0 = Release|Any CPU
		{7C4A6404-7AE3-42F2-8F15-2BE2D8BC939D}.Debug|Any CPU.ActiveCfg = Debug|Any CPU
		{7C4A6404-7AE3-42F2-8F15-2BE2D8BC939D}.Debug|Any CPU.Build.0 = Debug|Any CPU
		{7C4A6404-7AE3-42F2-8F15-2BE2D8BC939D}.Release|Any CPU.ActiveCfg = Release|Any CPU
		{7C4A6404-7AE3-42F2-8F15-2BE2D8BC939D}.Release|Any CPU.Build.0 = Release|Any CPU
	EndGlobalSection
	GlobalSection(SolutionProperties) = preSolution
		HideSolutionNode = FALSE
	EndGlobalSection
	GlobalSection(ExtensibilityGlobals) = postSolution
		SolutionGuid = {F90B9755-63DC-46F6-9AB6-75713DC4ED2A}
	EndGlobalSection
EndGlobal
